
Microsoft Visual Studio Solution File, Format Version 12.00
# Visual Studio Version 17
VisualStudioVersion = 17.7.34221.43
MinimumVisualStudioVersion = 10.0.40219.1
Project("{FAE04EC0-301F-11D3-BF4B-00C04F79EFBC}") = "01.People", "01.Persons\01.People.csproj", "{5E716004-89D5-404E-8B4D-B0A1B6459CF8}"
EndProject
Project("{FAE04EC0-301F-11D3-BF4B-00C04F79EFBC}") = "02.Salary", "02.Salary\02.Salary.csproj", "{2F284F98-42A9-427C-B93E-51397B334C2B}"
EndProject
Project("{FAE04EC0-301F-11D3-BF4B-00C04F79EFBC}") = "03.Validation", "03.Validation\03.Validation.csproj", "{761B4EF7-4B6E-4551-8D29-7DAE00D13681}"
EndProject
Project("{FAE04EC0-301F-11D3-BF4B-00C04F79EFBC}") = "04.Team", "04.Team\04.Team.csproj", "{BFC90739-25E5-4C3F-836C-00DE19362380}"
EndProject
Global
	GlobalSection(SolutionConfigurationPlatforms) = preSolution
		Debug|Any CPU = Debug|Any CPU
		Release|Any CPU = Release|Any CPU
	EndGlobalSection
	GlobalSection(ProjectConfigurationPlatforms) = postSolution
		{5E716004-89D5-404E-8B4D-B0A1B6459CF8}.Debug|Any CPU.ActiveCfg = Debug|Any CPU
		{5E716004-89D5-404E-8B4D-B0A1B6459CF8}.Debug|Any CPU.Build.0 = Debug|Any CPU
		{5E716004-89D5-404E-8B4D-B0A1B6459CF8}.Release|Any CPU.ActiveCfg = Release|Any CPU
		{5E716004-89D5-404E-8B4D-B0A1B6459CF8}.Release|Any CPU.Build.0 = Release|Any CPU
		{2F284F98-42A9-427C-B93E-51397B334C2B}.Debug|Any CPU.ActiveCfg = Debug|Any CPU
		{2F284F98-42A9-427C-B93E-51397B334C2B}.Debug|Any CPU.Build.0 = Debug|Any CPU
		{2F284F98-42A9-427C-B93E-51397B334C2B}.Release|Any CPU.ActiveCfg = Release|Any CPU
		{2F284F98-42A9-427C-B93E-51397B334C2B}.Release|Any CPU.Build.0 = Release|Any CPU
		{761B4EF7-4B6E-4551-8D29-7DAE00D13681}.Debug|Any CPU.ActiveCfg = Debug|Any CPU
		{761B4EF7-4B6E-4551-8D29-7DAE00D13681}.Debug|Any CPU.Build.0 = Debug|Any CPU
		{761B4EF7-4B6E-4551-8D29-7DAE00D13681}.Release|Any CPU.ActiveCfg = Release|Any CPU
		{761B4EF7-4B6E-4551-8D29-7DAE00D13681}.Release|Any CPU.Build.0 = Release|Any CPU
		{BFC90739-25E5-4C3F-836C-00DE19362380}.Debug|Any CPU.ActiveCfg = Debug|Any CPU
		{BFC90739-25E5-4C3F-836C-00DE19362380}.Debug|Any CPU.Build.0 = Debug|Any CPU
		{BFC90739-25E5-4C3F-836C-00DE19362380}.Release|Any CPU.ActiveCfg = Release|Any CPU
		{BFC90739-25E5-4C3F-836C-00DE19362380}.Release|Any CPU.Build.0 = Release|Any CPU
	EndGlobalSection
	GlobalSection(SolutionProperties) = preSolution
		HideSolutionNode = FALSE
	EndGlobalSection
	GlobalSection(ExtensibilityGlobals) = postSolution
		SolutionGuid = {3B374B8F-AD6C-413C-A615-93AC82C4B87E}
	EndGlobalSection
EndGlobal
