
Microsoft Visual Studio Solution File, Format Version 12.00
# Visual Studio Version 17
VisualStudioVersion = 17.7.34221.43
MinimumVisualStudioVersion = 10.0.40219.1
Project("{FAE04EC0-301F-11D3-BF4B-00C04F79EFBC}") = "01.MathOperations", "01.MathOperations\01.MathOperations.csproj", "{80F87B7B-1437-439E-BF70-26D74832C693}"
EndProject
Project("{FAE04EC0-301F-11D3-BF4B-00C04F79EFBC}") = "02.Animals", "02.Animals\02.Animals.csproj", "{8AB46EE1-9368-46A3-8883-F92F3DFB0017}"
EndProject
Project("{FAE04EC0-301F-11D3-BF4B-00C04F79EFBC}") = "03.Shapes", "03.Shapes\03.Shapes.csproj", "{00156022-6E26-4E97-9B54-BC9FEF8D0945}"
EndProject
Global
	GlobalSection(SolutionConfigurationPlatforms) = preSolution
		Debug|Any CPU = Debug|Any CPU
		Release|Any CPU = Release|Any CPU
	EndGlobalSection
	GlobalSection(ProjectConfigurationPlatforms) = postSolution
		{80F87B7B-1437-439E-BF70-26D74832C693}.Debug|Any CPU.ActiveCfg = Debug|Any CPU
		{80F87B7B-1437-439E-BF70-26D74832C693}.Debug|Any CPU.Build.0 = Debug|Any CPU
		{80F87B7B-1437-439E-BF70-26D74832C693}.Release|Any CPU.ActiveCfg = Release|Any CPU
		{80F87B7B-1437-439E-BF70-26D74832C693}.Release|Any CPU.Build.0 = Release|Any CPU
		{8AB46EE1-9368-46A3-8883-F92F3DFB0017}.Debug|Any CPU.ActiveCfg = Debug|Any CPU
		{8AB46EE1-9368-46A3-8883-F92F3DFB0017}.Debug|Any CPU.Build.0 = Debug|Any CPU
		{8AB46EE1-9368-46A3-8883-F92F3DFB0017}.Release|Any CPU.ActiveCfg = Release|Any CPU
		{8AB46EE1-9368-46A3-8883-F92F3DFB0017}.Release|Any CPU.Build.0 = Release|Any CPU
		{00156022-6E26-4E97-9B54-BC9FEF8D0945}.Debug|Any CPU.ActiveCfg = Debug|Any CPU
		{00156022-6E26-4E97-9B54-BC9FEF8D0945}.Debug|Any CPU.Build.0 = Debug|Any CPU
		{00156022-6E26-4E97-9B54-BC9FEF8D0945}.Release|Any CPU.ActiveCfg = Release|Any CPU
		{00156022-6E26-4E97-9B54-BC9FEF8D0945}.Release|Any CPU.Build.0 = Release|Any CPU
	EndGlobalSection
	GlobalSection(SolutionProperties) = preSolution
		HideSolutionNode = FALSE
	EndGlobalSection
	GlobalSection(ExtensibilityGlobals) = postSolution
		SolutionGuid = {07D603F3-B5F6-4EC6-AB40-F48785EB52A8}
	EndGlobalSection
EndGlobal
