
Microsoft Visual Studio Solution File, Format Version 12.00
# Visual Studio Version 17
VisualStudioVersion = 17.7.34221.43
MinimumVisualStudioVersion = 10.0.40219.1
Project("{FAE04EC0-301F-11D3-BF4B-00C04F79EFBC}") = "01. Single Inheritance", "01. Single Inheritance\01. Single Inheritance.csproj", "{6F5D6B31-020C-429F-8DEB-4F95E263DDC1}"
EndProject
Project("{FAE04EC0-301F-11D3-BF4B-00C04F79EFBC}") = "02.MultipleInheritance", "02.MultipleInheritance\02.MultipleInheritance.csproj", "{77A81E17-E40C-4615-B864-9DC7168199E6}"
EndProject
Project("{FAE04EC0-301F-11D3-BF4B-00C04F79EFBC}") = "03.HierarchicalInheritance", "03.HierarchicalInheritance\03.HierarchicalInheritance.csproj", "{F96E5CB6-4D3B-473A-9DA8-9D10B7EDCFC0}"
EndProject
Project("{FAE04EC0-301F-11D3-BF4B-00C04F79EFBC}") = "04.RandomList", "04.RandomList\04.RandomList.csproj", "{D4881F25-0DE3-412B-8E21-F50EB3AE1428}"
EndProject
Project("{FAE04EC0-301F-11D3-BF4B-00C04F79EFBC}") = "05.StackofStrings", "05.StackofStrings\05.StackofStrings.csproj", "{2947FAD1-2684-4A57-90F1-76B061505DD1}"
EndProject
Global
	GlobalSection(SolutionConfigurationPlatforms) = preSolution
		Debug|Any CPU = Debug|Any CPU
		Release|Any CPU = Release|Any CPU
	EndGlobalSection
	GlobalSection(ProjectConfigurationPlatforms) = postSolution
		{6F5D6B31-020C-429F-8DEB-4F95E263DDC1}.Debug|Any CPU.ActiveCfg = Debug|Any CPU
		{6F5D6B31-020C-429F-8DEB-4F95E263DDC1}.Debug|Any CPU.Build.0 = Debug|Any CPU
		{6F5D6B31-020C-429F-8DEB-4F95E263DDC1}.Release|Any CPU.ActiveCfg = Release|Any CPU
		{6F5D6B31-020C-429F-8DEB-4F95E263DDC1}.Release|Any CPU.Build.0 = Release|Any CPU
		{77A81E17-E40C-4615-B864-9DC7168199E6}.Debug|Any CPU.ActiveCfg = Debug|Any CPU
		{77A81E17-E40C-4615-B864-9DC7168199E6}.Debug|Any CPU.Build.0 = Debug|Any CPU
		{77A81E17-E40C-4615-B864-9DC7168199E6}.Release|Any CPU.ActiveCfg = Release|Any CPU
		{77A81E17-E40C-4615-B864-9DC7168199E6}.Release|Any CPU.Build.0 = Release|Any CPU
		{F96E5CB6-4D3B-473A-9DA8-9D10B7EDCFC0}.Debug|Any CPU.ActiveCfg = Debug|Any CPU
		{F96E5CB6-4D3B-473A-9DA8-9D10B7EDCFC0}.Debug|Any CPU.Build.0 = Debug|Any CPU
		{F96E5CB6-4D3B-473A-9DA8-9D10B7EDCFC0}.Release|Any CPU.ActiveCfg = Release|Any CPU
		{F96E5CB6-4D3B-473A-9DA8-9D10B7EDCFC0}.Release|Any CPU.Build.0 = Release|Any CPU
		{D4881F25-0DE3-412B-8E21-F50EB3AE1428}.Debug|Any CPU.ActiveCfg = Debug|Any CPU
		{D4881F25-0DE3-412B-8E21-F50EB3AE1428}.Debug|Any CPU.Build.0 = Debug|Any CPU
		{D4881F25-0DE3-412B-8E21-F50EB3AE1428}.Release|Any CPU.ActiveCfg = Release|Any CPU
		{D4881F25-0DE3-412B-8E21-F50EB3AE1428}.Release|Any CPU.Build.0 = Release|Any CPU
		{2947FAD1-2684-4A57-90F1-76B061505DD1}.Debug|Any CPU.ActiveCfg = Debug|Any CPU
		{2947FAD1-2684-4A57-90F1-76B061505DD1}.Debug|Any CPU.Build.0 = Debug|Any CPU
		{2947FAD1-2684-4A57-90F1-76B061505DD1}.Release|Any CPU.ActiveCfg = Release|Any CPU
		{2947FAD1-2684-4A57-90F1-76B061505DD1}.Release|Any CPU.Build.0 = Release|Any CPU
	EndGlobalSection
	GlobalSection(SolutionProperties) = preSolution
		HideSolutionNode = FALSE
	EndGlobalSection
	GlobalSection(ExtensibilityGlobals) = postSolution
		SolutionGuid = {30BF66EF-38C8-455C-99E4-F406EFF74738}
	EndGlobalSection
EndGlobal
