
Microsoft Visual Studio Solution File, Format Version 12.00
# Visual Studio Version 17
VisualStudioVersion = 17.7.34221.43
MinimumVisualStudioVersion = 10.0.40219.1
Project("{9A19103F-16F7-4668-BE54-9A1E7A4F7556}") = "01.Stealer", "01.Stealer\01.Stealer.csproj", "{E5599BAC-24C5-429B-91B4-57AD810DD53B}"
EndProject
Project("{FAE04EC0-301F-11D3-BF4B-00C04F79EFBC}") = "05.CreateAttribute", "05.CreateAttribute\05.CreateAttribute.csproj", "{FBBDAD15-0681-4723-A803-35CD2E9A4737}"
EndProject
Global
	GlobalSection(SolutionConfigurationPlatforms) = preSolution
		Debug|Any CPU = Debug|Any CPU
		Release|Any CPU = Release|Any CPU
	EndGlobalSection
	GlobalSection(ProjectConfigurationPlatforms) = postSolution
		{E5599BAC-24C5-429B-91B4-57AD810DD53B}.Debug|Any CPU.ActiveCfg = Debug|Any CPU
		{E5599BAC-24C5-429B-91B4-57AD810DD53B}.Debug|Any CPU.Build.0 = Debug|Any CPU
		{E5599BAC-24C5-429B-91B4-57AD810DD53B}.Release|Any CPU.ActiveCfg = Release|Any CPU
		{E5599BAC-24C5-429B-91B4-57AD810DD53B}.Release|Any CPU.Build.0 = Release|Any CPU
		{FBBDAD15-0681-4723-A803-35CD2E9A4737}.Debug|Any CPU.ActiveCfg = Debug|Any CPU
		{FBBDAD15-0681-4723-A803-35CD2E9A4737}.Debug|Any CPU.Build.0 = Debug|Any CPU
		{FBBDAD15-0681-4723-A803-35CD2E9A4737}.Release|Any CPU.ActiveCfg = Release|Any CPU
		{FBBDAD15-0681-4723-A803-35CD2E9A4737}.Release|Any CPU.Build.0 = Release|Any CPU
	EndGlobalSection
	GlobalSection(SolutionProperties) = preSolution
		HideSolutionNode = FALSE
	EndGlobalSection
	GlobalSection(ExtensibilityGlobals) = postSolution
		SolutionGuid = {CFE9EF1B-BF64-4548-9B33-383093FAEE1C}
	EndGlobalSection
EndGlobal
