
Microsoft Visual Studio Solution File, Format Version 12.00
# Visual Studio Version 17
VisualStudioVersion = 17.7.34221.43
MinimumVisualStudioVersion = 10.0.40219.1
Project("{9A19103F-16F7-4668-BE54-9A1E7A4F7556}") = "01.Vehicles", "01.Vehicles\01.Vehicles.csproj", "{3484F6E5-FAE4-4333-9678-1353519A2D14}"
EndProject
Project("{FAE04EC0-301F-11D3-BF4B-00C04F79EFBC}") = "03.Raiding", "03.Raiding\03.Raiding.csproj", "{066949B6-E025-44BE-9B8D-FBAFA4A86F0B}"
EndProject
Project("{FAE04EC0-301F-11D3-BF4B-00C04F79EFBC}") = "04.WildFarm", "04.WildFarm\04.WildFarm.csproj", "{E8940513-6182-41C8-A43D-7A6366C94FD1}"
EndProject
Global
	GlobalSection(SolutionConfigurationPlatforms) = preSolution
		Debug|Any CPU = Debug|Any CPU
		Release|Any CPU = Release|Any CPU
	EndGlobalSection
	GlobalSection(ProjectConfigurationPlatforms) = postSolution
		{3484F6E5-FAE4-4333-9678-1353519A2D14}.Debug|Any CPU.ActiveCfg = Debug|Any CPU
		{3484F6E5-FAE4-4333-9678-1353519A2D14}.Debug|Any CPU.Build.0 = Debug|Any CPU
		{3484F6E5-FAE4-4333-9678-1353519A2D14}.Release|Any CPU.ActiveCfg = Release|Any CPU
		{3484F6E5-FAE4-4333-9678-1353519A2D14}.Release|Any CPU.Build.0 = Release|Any CPU
		{066949B6-E025-44BE-9B8D-FBAFA4A86F0B}.Debug|Any CPU.ActiveCfg = Debug|Any CPU
		{066949B6-E025-44BE-9B8D-FBAFA4A86F0B}.Debug|Any CPU.Build.0 = Debug|Any CPU
		{066949B6-E025-44BE-9B8D-FBAFA4A86F0B}.Release|Any CPU.ActiveCfg = Release|Any CPU
		{066949B6-E025-44BE-9B8D-FBAFA4A86F0B}.Release|Any CPU.Build.0 = Release|Any CPU
		{E8940513-6182-41C8-A43D-7A6366C94FD1}.Debug|Any CPU.ActiveCfg = Debug|Any CPU
		{E8940513-6182-41C8-A43D-7A6366C94FD1}.Debug|Any CPU.Build.0 = Debug|Any CPU
		{E8940513-6182-41C8-A43D-7A6366C94FD1}.Release|Any CPU.ActiveCfg = Release|Any CPU
		{E8940513-6182-41C8-A43D-7A6366C94FD1}.Release|Any CPU.Build.0 = Release|Any CPU
	EndGlobalSection
	GlobalSection(SolutionProperties) = preSolution
		HideSolutionNode = FALSE
	EndGlobalSection
	GlobalSection(ExtensibilityGlobals) = postSolution
		SolutionGuid = {F815C8F9-9BB5-400F-BF7B-54F57C52F2E0}
	EndGlobalSection
EndGlobal
